// !$*UTF8*$!
{
	archiveVersion = 1;
	classes = {
	};
	objectVersion = 50;
	objects = {

/* Begin PBXBuildFile section */
		3D1A08302680EA3F00DCDBF0 /* AppDelegate.swift in Sources */ = {isa = PBXBuildFile; fileRef = 3D1A082F2680EA3F00DCDBF0 /* AppDelegate.swift */; };
		3D1A08322680EA3F00DCDBF0 /* SceneDelegate.swift in Sources */ = {isa = PBXBuildFile; fileRef = 3D1A08312680EA3F00DCDBF0 /* SceneDelegate.swift */; };
		3D1A08342680EA3F00DCDBF0 /* ViewController.swift in Sources */ = {isa = PBXBuildFile; fileRef = 3D1A08332680EA3F00DCDBF0 /* ViewController.swift */; };
		3D1A08372680EA3F00DCDBF0 /* Main.storyboard in Resources */ = {isa = PBXBuildFile; fileRef = 3D1A08352680EA3F00DCDBF0 /* Main.storyboard */; };
		3D1A08392680EA4300DCDBF0 /* Assets.xcassets in Resources */ = {isa = PBXBuildFile; fileRef = 3D1A08382680EA4300DCDBF0 /* Assets.xcassets */; };
		3D1A083C2680EA4300DCDBF0 /* LaunchScreen.storyboard in Resources */ = {isa = PBXBuildFile; fileRef = 3D1A083A2680EA4300DCDBF0 /* LaunchScreen.storyboard */; };
		3D1A08472680EA4400DCDBF0 /* UIKitDzTests.swift in Sources */ = {isa = PBXBuildFile; fileRef = 3D1A08462680EA4400DCDBF0 /* UIKitDzTests.swift */; };
		3D1A08522680EA4400DCDBF0 /* UIKitDzUITests.swift in Sources */ = {isa = PBXBuildFile; fileRef = 3D1A08512680EA4400DCDBF0 /* UIKitDzUITests.swift */; };
		3D9329EF2680FBEF00782CAB /* SecondViewController.swift in Sources */ = {isa = PBXBuildFile; fileRef = 3D9329EE2680FBEF00782CAB /* SecondViewController.swift */; };
/* End PBXBuildFile section */

/* Begin PBXContainerItemProxy section */
		3D1A08432680EA4300DCDBF0 /* PBXContainerItemProxy */ = {
			isa = PBXContainerItemProxy;
			containerPortal = 3D1A08242680EA3F00DCDBF0 /* Project object */;
			proxyType = 1;
			remoteGlobalIDString = 3D1A082B2680EA3F00DCDBF0;
			remoteInfo = UIKitDz;
		};
		3D1A084E2680EA4400DCDBF0 /* PBXContainerItemProxy */ = {
			isa = PBXContainerItemProxy;
			containerPortal = 3D1A08242680EA3F00DCDBF0 /* Project object */;
			proxyType = 1;
			remoteGlobalIDString = 3D1A082B2680EA3F00DCDBF0;
			remoteInfo = UIKitDz;
		};
/* End PBXContainerItemProxy section */

/* Begin PBXFileReference section */
		3D1A082C2680EA3F00DCDBF0 /* UIKitDz.app */ = {isa = PBXFileReference; explicitFileType = wrapper.application; includeInIndex = 0; path = UIKitDz.app; sourceTree = BUILT_PRODUCTS_DIR; };
		3D1A082F2680EA3F00DCDBF0 /* AppDelegate.swift */ = {isa = PBXFileReference; lastKnownFileType = sourcecode.swift; path = AppDelegate.swift; sourceTree = "<group>"; };
		3D1A08312680EA3F00DCDBF0 /* SceneDelegate.swift */ = {isa = PBXFileReference; lastKnownFileType = sourcecode.swift; path = SceneDelegate.swift; sourceTree = "<group>"; };
		3D1A08332680EA3F00DCDBF0 /* ViewController.swift */ = {isa = PBXFileReference; lastKnownFileType = sourcecode.swift; path = ViewController.swift; sourceTree = "<group>"; };
		3D1A08362680EA3F00DCDBF0 /* Base */ = {isa = PBXFileReference; lastKnownFileType = file.storyboard; name = Base; path = Base.lproj/Main.storyboard; sourceTree = "<group>"; };
		3D1A08382680EA4300DCDBF0 /* Assets.xcassets */ = {isa = PBXFileReference; lastKnownFileType = folder.assetcatalog; path = Assets.xcassets; sourceTree = "<group>"; };
		3D1A083B2680EA4300DCDBF0 /* Base */ = {isa = PBXFileReference; lastKnownFileType = file.storyboard; name = Base; path = Base.lproj/LaunchScreen.storyboard; sourceTree = "<group>"; };
		3D1A083D2680EA4300DCDBF0 /* Info.plist */ = {isa = PBXFileReference; lastKnownFileType = text.plist.xml; path = Info.plist; sourceTree = "<group>"; };
		3D1A08422680EA4300DCDBF0 /* UIKitDzTests.xctest */ = {isa = PBXFileReference; explicitFileType = wrapper.cfbundle; includeInIndex = 0; path = UIKitDzTests.xctest; sourceTree = BUILT_PRODUCTS_DIR; };
		3D1A08462680EA4400DCDBF0 /* UIKitDzTests.swift */ = {isa = PBXFileReference; lastKnownFileType = sourcecode.swift; path = UIKitDzTests.swift; sourceTree = "<group>"; };
		3D1A08482680EA4400DCDBF0 /* Info.plist */ = {isa = PBXFileReference; lastKnownFileType = text.plist.xml; path = Info.plist; sourceTree = "<group>"; };
		3D1A084D2680EA4400DCDBF0 /* UIKitDzUITests.xctest */ = {isa = PBXFileReference; explicitFileType = wrapper.cfbundle; includeInIndex = 0; path = UIKitDzUITests.xctest; sourceTree = BUILT_PRODUCTS_DIR; };
		3D1A08512680EA4400DCDBF0 /* UIKitDzUITests.swift */ = {isa = PBXFileReference; lastKnownFileType = sourcecode.swift; path = UIKitDzUITests.swift; sourceTree = "<group>"; };
		3D1A08532680EA4400DCDBF0 /* Info.plist */ = {isa = PBXFileReference; lastKnownFileType = text.plist.xml; path = Info.plist; sourceTree = "<group>"; };
		3D9329EE2680FBEF00782CAB /* SecondViewController.swift */ = {isa = PBXFileReference; lastKnownFileType = sourcecode.swift; path = SecondViewController.swift; sourceTree = "<group>"; };
/* End PBXFileReference section */

/* Begin PBXFrameworksBuildPhase section */
		3D1A08292680EA3F00DCDBF0 /* Frameworks */ = {
			isa = PBXFrameworksBuildPhase;
			buildActionMask = 2147483647;
			files = (
			);
			runOnlyForDeploymentPostprocessing = 0;
		};
		3D1A083F2680EA4300DCDBF0 /* Frameworks */ = {
			isa = PBXFrameworksBuildPhase;
			buildActionMask = 2147483647;
			files = (
			);
			runOnlyForDeploymentPostprocessing = 0;
		};
		3D1A084A2680EA4400DCDBF0 /* Frameworks */ = {
			isa = PBXFrameworksBuildPhase;
			buildActionMask = 2147483647;
			files = (
			);
			runOnlyForDeploymentPostprocessing = 0;
		};
/* End PBXFrameworksBuildPhase section */

/* Begin PBXGroup section */
		3D1A08232680EA3F00DCDBF0 = {
			isa = PBXGroup;
			children = (
				3D1A082E2680EA3F00DCDBF0 /* UIKitDz */,
				3D1A08452680EA4400DCDBF0 /* UIKitDzTests */,
				3D1A08502680EA4400DCDBF0 /* UIKitDzUITests */,
				3D1A082D2680EA3F00DCDBF0 /* Products */,
			);
			sourceTree = "<group>";
		};
		3D1A082D2680EA3F00DCDBF0 /* Products */ = {
			isa = PBXGroup;
			children = (
				3D1A082C2680EA3F00DCDBF0 /* UIKitDz.app */,
				3D1A08422680EA4300DCDBF0 /* UIKitDzTests.xctest */,
				3D1A084D2680EA4400DCDBF0 /* UIKitDzUITests.xctest */,
			);
			name = Products;
			sourceTree = "<group>";
		};
		3D1A082E2680EA3F00DCDBF0 /* UIKitDz */ = {
			isa = PBXGroup;
			children = (
				3D1A082F2680EA3F00DCDBF0 /* AppDelegate.swift */,
				3D1A08312680EA3F00DCDBF0 /* SceneDelegate.swift */,
				3D9329F02680FC0900782CAB /* New Group */,
				3D1A08352680EA3F00DCDBF0 /* Main.storyboard */,
				3D1A08382680EA4300DCDBF0 /* Assets.xcassets */,
				3D1A083A2680EA4300DCDBF0 /* LaunchScreen.storyboard */,
				3D1A083D2680EA4300DCDBF0 /* Info.plist */,
			);
			path = UIKitDz;
			sourceTree = "<group>";
		};
		3D1A08452680EA4400DCDBF0 /* UIKitDzTests */ = {
			isa = PBXGroup;
			children = (
				3D1A08462680EA4400DCDBF0 /* UIKitDzTests.swift */,
				3D1A08482680EA4400DCDBF0 /* Info.plist */,
			);
			path = UIKitDzTests;
			sourceTree = "<group>";
		};
		3D1A08502680EA4400DCDBF0 /* UIKitDzUITests */ = {
			isa = PBXGroup;
			children = (
				3D1A08512680EA4400DCDBF0 /* UIKitDzUITests.swift */,
				3D1A08532680EA4400DCDBF0 /* Info.plist */,
			);
			path = UIKitDzUITests;
			sourceTree = "<group>";
		};
		3D9329F02680FC0900782CAB /* New Group */ = {
			isa = PBXGroup;
			children = (
				3D1A08332680EA3F00DCDBF0 /* ViewController.swift */,
				3D9329EE2680FBEF00782CAB /* SecondViewController.swift */,
			);
			path = "New Group";
			sourceTree = "<group>";
		};
/* End PBXGroup section */

/* Begin PBXNativeTarget section */
		3D1A082B2680EA3F00DCDBF0 /* UIKitDz */ = {
			isa = PBXNativeTarget;
			buildConfigurationList = 3D1A08562680EA4400DCDBF0 /* Build configuration list for PBXNativeTarget "UIKitDz" */;
			buildPhases = (
				3D1A08282680EA3F00DCDBF0 /* Sources */,
				3D1A08292680EA3F00DCDBF0 /* Frameworks */,
				3D1A082A2680EA3F00DCDBF0 /* Resources */,
			);
			buildRules = (
			);
			dependencies = (
			);
			name = UIKitDz;
			productName = UIKitDz;
			productReference = 3D1A082C2680EA3F00DCDBF0 /* UIKitDz.app */;
			productType = "com.apple.product-type.application";
		};
		3D1A08412680EA4300DCDBF0 /* UIKitDzTests */ = {
			isa = PBXNativeTarget;
			buildConfigurationList = 3D1A08592680EA4400DCDBF0 /* Build configuration list for PBXNativeTarget "UIKitDzTests" */;
			buildPhases = (
				3D1A083E2680EA4300DCDBF0 /* Sources */,
				3D1A083F2680EA4300DCDBF0 /* Frameworks */,
				3D1A08402680EA4300DCDBF0 /* Resources */,
			);
			buildRules = (
			);
			dependencies = (
				3D1A08442680EA4300DCDBF0 /* PBXTargetDependency */,
			);
			name = UIKitDzTests;
			productName = UIKitDzTests;
			productReference = 3D1A08422680EA4300DCDBF0 /* UIKitDzTests.xctest */;
			productType = "com.apple.product-type.bundle.unit-test";
		};
		3D1A084C2680EA4400DCDBF0 /* UIKitDzUITests */ = {
			isa = PBXNativeTarget;
			buildConfigurationList = 3D1A085C2680EA4400DCDBF0 /* Build configuration list for PBXNativeTarget "UIKitDzUITests" */;
			buildPhases = (
				3D1A08492680EA4400DCDBF0 /* Sources */,
				3D1A084A2680EA4400DCDBF0 /* Frameworks */,
				3D1A084B2680EA4400DCDBF0 /* Resources */,
			);
			buildRules = (
			);
			dependencies = (
				3D1A084F2680EA4400DCDBF0 /* PBXTargetDependency */,
			);
			name = UIKitDzUITests;
			productName = UIKitDzUITests;
			productReference = 3D1A084D2680EA4400DCDBF0 /* UIKitDzUITests.xctest */;
			productType = "com.apple.product-type.bundle.ui-testing";
		};
/* End PBXNativeTarget section */

/* Begin PBXProject section */
		3D1A08242680EA3F00DCDBF0 /* Project object */ = {
			isa = PBXProject;
			attributes = {
				LastSwiftUpdateCheck = 1250;
				LastUpgradeCheck = 1250;
				TargetAttributes = {
					3D1A082B2680EA3F00DCDBF0 = {
						CreatedOnToolsVersion = 12.5;
					};
					3D1A08412680EA4300DCDBF0 = {
						CreatedOnToolsVersion = 12.5;
						TestTargetID = 3D1A082B2680EA3F00DCDBF0;
					};
					3D1A084C2680EA4400DCDBF0 = {
						CreatedOnToolsVersion = 12.5;
						TestTargetID = 3D1A082B2680EA3F00DCDBF0;
					};
				};
			};
			buildConfigurationList = 3D1A08272680EA3F00DCDBF0 /* Build configuration list for PBXProject "UIKitDz" */;
			compatibilityVersion = "Xcode 9.3";
			developmentRegion = en;
			hasScannedForEncodings = 0;
			knownRegions = (
				en,
				Base,
			);
			mainGroup = 3D1A08232680EA3F00DCDBF0;
			productRefGroup = 3D1A082D2680EA3F00DCDBF0 /* Products */;
			projectDirPath = "";
			projectRoot = "";
			targets = (
				3D1A082B2680EA3F00DCDBF0 /* UIKitDz */,
				3D1A08412680EA4300DCDBF0 /* UIKitDzTests */,
				3D1A084C2680EA4400DCDBF0 /* UIKitDzUITests */,
			);
		};
/* End PBXProject section */

/* Begin PBXResourcesBuildPhase section */
		3D1A082A2680EA3F00DCDBF0 /* Resources */ = {
			isa = PBXResourcesBuildPhase;
			buildActionMask = 2147483647;
			files = (
				3D1A083C2680EA4300DCDBF0 /* LaunchScreen.storyboard in Resources */,
				3D1A08392680EA4300DCDBF0 /* Assets.xcassets in Resources */,
				3D1A08372680EA3F00DCDBF0 /* Main.storyboard in Resources */,
			);
			runOnlyForDeploymentPostprocessing = 0;
		};
		3D1A08402680EA4300DCDBF0 /* Resources */ = {
			isa = PBXResourcesBuildPhase;
			buildActionMask = 2147483647;
			files = (
			);
			runOnlyForDeploymentPostprocessing = 0;
		};
		3D1A084B2680EA4400DCDBF0 /* Resources */ = {
			isa = PBXResourcesBuildPhase;
			buildActionMask = 2147483647;
			files = (
			);
			runOnlyForDeploymentPostprocessing = 0;
		};
/* End PBXResourcesBuildPhase section */

/* Begin PBXSourcesBuildPhase section */
		3D1A08282680EA3F00DCDBF0 /* Sources */ = {
			isa = PBXSourcesBuildPhase;
			buildActionMask = 2147483647;
			files = (
				3D9329EF2680FBEF00782CAB /* SecondViewController.swift in Sources */,
				3D1A08342680EA3F00DCDBF0 /* ViewController.swift in Sources */,
				3D1A08302680EA3F00DCDBF0 /* AppDelegate.swift in Sources */,
				3D1A08322680EA3F00DCDBF0 /* SceneDelegate.swift in Sources */,
			);
			runOnlyForDeploymentPostprocessing = 0;
		};
		3D1A083E2680EA4300DCDBF0 /* Sources */ = {
			isa = PBXSourcesBuildPhase;
			buildActionMask = 2147483647;
			files = (
				3D1A08472680EA4400DCDBF0 /* UIKitDzTests.swift in Sources */,
			);
			runOnlyForDeploymentPostprocessing = 0;
		};
		3D1A08492680EA4400DCDBF0 /* Sources */ = {
			isa = PBXSourcesBuildPhase;
			buildActionMask = 2147483647;
			files = (
				3D1A08522680EA4400DCDBF0 /* UIKitDzUITests.swift in Sources */,
			);
			runOnlyForDeploymentPostprocessing = 0;
		};
/* End PBXSourcesBuildPhase section */

/* Begin PBXTargetDependency section */
		3D1A08442680EA4300DCDBF0 /* PBXTargetDependency */ = {
			isa = PBXTargetDependency;
			target = 3D1A082B2680EA3F00DCDBF0 /* UIKitDz */;
			targetProxy = 3D1A08432680EA4300DCDBF0 /* PBXContainerItemProxy */;
		};
		3D1A084F2680EA4400DCDBF0 /* PBXTargetDependency */ = {
			isa = PBXTargetDependency;
			target = 3D1A082B2680EA3F00DCDBF0 /* UIKitDz */;
			targetProxy = 3D1A084E2680EA4400DCDBF0 /* PBXContainerItemProxy */;
		};
/* End PBXTargetDependency section */

/* Begin PBXVariantGroup section */
		3D1A08352680EA3F00DCDBF0 /* Main.storyboard */ = {
			isa = PBXVariantGroup;
			children = (
				3D1A08362680EA3F00DCDBF0 /* Base */,
			);
			name = Main.storyboard;
			sourceTree = "<group>";
		};
		3D1A083A2680EA4300DCDBF0 /* LaunchScreen.storyboard */ = {
			isa = PBXVariantGroup;
			children = (
				3D1A083B2680EA4300DCDBF0 /* Base */,
			);
			name = LaunchScreen.storyboard;
			sourceTree = "<group>";
		};
/* End PBXVariantGroup section */

/* Begin XCBuildConfiguration section */
		3D1A08542680EA4400DCDBF0 /* Debug */ = {
			isa = XCBuildConfiguration;
			buildSettings = {
				ALWAYS_SEARCH_USER_PATHS = NO;
				CLANG_ANALYZER_NONNULL = YES;
				CLANG_ANALYZER_NUMBER_OBJECT_CONVERSION = YES_AGGRESSIVE;
				CLANG_CXX_LANGUAGE_STANDARD = "gnu++14";
				CLANG_CXX_LIBRARY = "libc++";
				CLANG_ENABLE_MODULES = YES;
				CLANG_ENABLE_OBJC_ARC = YES;
				CLANG_ENABLE_OBJC_WEAK = YES;
				CLANG_WARN_BLOCK_CAPTURE_AUTORELEASING = YES;
				CLANG_WARN_BOOL_CONVERSION = YES;
				CLANG_WARN_COMMA = YES;
				CLANG_WARN_CONSTANT_CONVERSION = YES;
				CLANG_WARN_DEPRECATED_OBJC_IMPLEMENTATIONS = YES;
				CLANG_WARN_DIRECT_OBJC_ISA_USAGE = YES_ERROR;
				CLANG_WARN_DOCUMENTATION_COMMENTS = YES;
				CLANG_WARN_EMPTY_BODY = YES;
				CLANG_WARN_ENUM_CONVERSION = YES;
				CLANG_WARN_INFINITE_RECURSION = YES;
				CLANG_WARN_INT_CONVERSION = YES;
				CLANG_WARN_NON_LITERAL_NULL_CONVERSION = YES;
				CLANG_WARN_OBJC_IMPLICIT_RETAIN_SELF = YES;
				CLANG_WARN_OBJC_LITERAL_CONVERSION = YES;
				CLANG_WARN_OBJC_ROOT_CLASS = YES_ERROR;
				CLANG_WARN_QUOTED_INCLUDE_IN_FRAMEWORK_HEADER = YES;
				CLANG_WARN_RANGE_LOOP_ANALYSIS = YES;
				CLANG_WARN_STRICT_PROTOTYPES = YES;
				CLANG_WARN_SUSPICIOUS_MOVE = YES;
				CLANG_WARN_UNGUARDED_AVAILABILITY = YES_AGGRESSIVE;
				CLANG_WARN_UNREACHABLE_CODE = YES;
				CLANG_WARN__DUPLICATE_METHOD_MATCH = YES;
				COPY_PHASE_STRIP = NO;
				DEBUG_INFORMATION_FORMAT = dwarf;
				ENABLE_STRICT_OBJC_MSGSEND = YES;
				ENABLE_TESTABILITY = YES;
				GCC_C_LANGUAGE_STANDARD = gnu11;
				GCC_DYNAMIC_NO_PIC = NO;
				GCC_NO_COMMON_BLOCKS = YES;
				GCC_OPTIMIZATION_LEVEL = 0;
				GCC_PREPROCESSOR_DEFINITIONS = (
					"DEBUG=1",
					"$(inherited)",
				);
				GCC_WARN_64_TO_32_BIT_CONVERSION = YES;
				GCC_WARN_ABOUT_RETURN_TYPE = YES_ERROR;
				GCC_WARN_UNDECLARED_SELECTOR = YES;
				GCC_WARN_UNINITIALIZED_AUTOS = YES_AGGRESSIVE;
				GCC_WARN_UNUSED_FUNCTION = YES;
				GCC_WARN_UNUSED_VARIABLE = YES;
				IPHONEOS_DEPLOYMENT_TARGET = 14.5;
				MTL_ENABLE_DEBUG_INFO = INCLUDE_SOURCE;
				MTL_FAST_MATH = YES;
				ONLY_ACTIVE_ARCH = YES;
				SDKROOT = iphoneos;
				SWIFT_ACTIVE_COMPILATION_CONDITIONS = DEBUG;
				SWIFT_OPTIMIZATION_LEVEL = "-Onone";
			};
			name = Debug;
		};
		3D1A08552680EA4400DCDBF0 /* Release */ = {
			isa = XCBuildConfiguration;
			buildSettings = {
				ALWAYS_SEARCH_USER_PATHS = NO;
				CLANG_ANALYZER_NONNULL = YES;
				CLANG_ANALYZER_NUMBER_OBJECT_CONVERSION = YES_AGGRESSIVE;
				CLANG_CXX_LANGUAGE_STANDARD = "gnu++14";
				CLANG_CXX_LIBRARY = "libc++";
				CLANG_ENABLE_MODULES = YES;
				CLANG_ENABLE_OBJC_ARC = YES;
				CLANG_ENABLE_OBJC_WEAK = YES;
				CLANG_WARN_BLOCK_CAPTURE_AUTORELEASING = YES;
				CLANG_WARN_BOOL_CONVERSION = YES;
				CLANG_WARN_COMMA = YES;
				CLANG_WARN_CONSTANT_CONVERSION = YES;
				CLANG_WARN_DEPRECATED_OBJC_IMPLEMENTATIONS = YES;
				CLANG_WARN_DIRECT_OBJC_ISA_USAGE = YES_ERROR;
				CLANG_WARN_DOCUMENTATION_COMMENTS = YES;
				CLANG_WARN_EMPTY_BODY = YES;
				CLANG_WARN_ENUM_CONVERSION = YES;
				CLANG_WARN_INFINITE_RECURSION = YES;
				CLANG_WARN_INT_CONVERSION = YES;
				CLANG_WARN_NON_LITERAL_NULL_CONVERSION = YES;
				CLANG_WARN_OBJC_IMPLICIT_RETAIN_SELF = YES;
				CLANG_WARN_OBJC_LITERAL_CONVERSION = YES;
				CLANG_WARN_OBJC_ROOT_CLASS = YES_ERROR;
				CLANG_WARN_QUOTED_INCLUDE_IN_FRAMEWORK_HEADER = YES;
				CLANG_WARN_RANGE_LOOP_ANALYSIS = YES;
				CLANG_WARN_STRICT_PROTOTYPES = YES;
				CLANG_WARN_SUSPICIOUS_MOVE = YES;
				CLANG_WARN_UNGUARDED_AVAILABILITY = YES_AGGRESSIVE;
				CLANG_WARN_UNREACHABLE_CODE = YES;
				CLANG_WARN__DUPLICATE_METHOD_MATCH = YES;
				COPY_PHASE_STRIP = NO;
				DEBUG_INFORMATION_FORMAT = "dwarf-with-dsym";
				ENABLE_NS_ASSERTIONS = NO;
				ENABLE_STRICT_OBJC_MSGSEND = YES;
				GCC_C_LANGUAGE_STANDARD = gnu11;
				GCC_NO_COMMON_BLOCKS = YES;
				GCC_WARN_64_TO_32_BIT_CONVERSION = YES;
				GCC_WARN_ABOUT_RETURN_TYPE = YES_ERROR;
				GCC_WARN_UNDECLARED_SELECTOR = YES;
				GCC_WARN_UNINITIALIZED_AUTOS = YES_AGGRESSIVE;
				GCC_WARN_UNUSED_FUNCTION = YES;
				GCC_WARN_UNUSED_VARIABLE = YES;
				IPHONEOS_DEPLOYMENT_TARGET = 14.5;
				MTL_ENABLE_DEBUG_INFO = NO;
				MTL_FAST_MATH = YES;
				SDKROOT = iphoneos;
				SWIFT_COMPILATION_MODE = wholemodule;
				SWIFT_OPTIMIZATION_LEVEL = "-O";
				VALIDATE_PRODUCT = YES;
			};
			name = Release;
		};
		3D1A08572680EA4400DCDBF0 /* Debug */ = {
			isa = XCBuildConfiguration;
			buildSettings = {
				ASSETCATALOG_COMPILER_APPICON_NAME = AppIcon;
				ASSETCATALOG_COMPILER_GLOBAL_ACCENT_COLOR_NAME = AccentColor;
				CODE_SIGN_STYLE = Automatic;
				DEVELOPMENT_TEAM = 5B99N4Z88C;
				INFOPLIST_FILE = UIKitDz/Info.plist;
				LD_RUNPATH_SEARCH_PATHS = (
					"$(inherited)",
					"@executable_path/Frameworks",
				);
				PRODUCT_BUNDLE_IDENTIFIER = FVG.UIKitDz;
				PRODUCT_NAME = "$(TARGET_NAME)";
				SWIFT_VERSION = 5.0;
				TARGETED_DEVICE_FAMILY = "1,2";
			};
			name = Debug;
		};
		3D1A08582680EA4400DCDBF0 /* Release */ = {
			isa = XCBuildConfiguration;
			buildSettings = {
				ASSETCATALOG_COMPILER_APPICON_NAME = AppIcon;
				ASSETCATALOG_COMPILER_GLOBAL_ACCENT_COLOR_NAME = AccentColor;
				CODE_SIGN_STYLE = Automatic;
				DEVELOPMENT_TEAM = 5B99N4Z88C;
				INFOPLIST_FILE = UIKitDz/Info.plist;
				LD_RUNPATH_SEARCH_PATHS = (
					"$(inherited)",
					"@executable_path/Frameworks",
				);
				PRODUCT_BUNDLE_IDENTIFIER = FVG.UIKitDz;
				PRODUCT_NAME = "$(TARGET_NAME)";
				SWIFT_VERSION = 5.0;
				TARGETED_DEVICE_FAMILY = "1,2";
			};
			name = Release;
		};
		3D1A085A2680EA4400DCDBF0 /* Debug */ = {
			isa = XCBuildConfiguration;
			buildSettings = {
				ALWAYS_EMBED_SWIFT_STANDARD_LIBRARIES = YES;
				BUNDLE_LOADER = "$(TEST_HOST)";
				CODE_SIGN_STYLE = Automatic;
				DEVELOPMENT_TEAM = 5B99N4Z88C;
				INFOPLIST_FILE = UIKitDzTests/Info.plist;
				IPHONEOS_DEPLOYMENT_TARGET = 14.5;
				LD_RUNPATH_SEARCH_PATHS = (
					"$(inherited)",
					"@executable_path/Frameworks",
					"@loader_path/Frameworks",
				);
				PRODUCT_BUNDLE_IDENTIFIER = FVG.UIKitDzTests;
				PRODUCT_NAME = "$(TARGET_NAME)";
				SWIFT_VERSION = 5.0;
				TARGETED_DEVICE_FAMILY = "1,2";
				TEST_HOST = "$(BUILT_PRODUCTS_DIR)/UIKitDz.app/UIKitDz";
			};
			name = Debug;
		};
		3D1A085B2680EA4400DCDBF0 /* Release */ = {
			isa = XCBuildConfiguration;
			buildSettings = {
				ALWAYS_EMBED_SWIFT_STANDARD_LIBRARIES = YES;
				BUNDLE_LOADER = "$(TEST_HOST)";
				CODE_SIGN_STYLE = Automatic;
				DEVELOPMENT_TEAM = 5B99N4Z88C;
				INFOPLIST_FILE = UIKitDzTests/Info.plist;
				IPHONEOS_DEPLOYMENT_TARGET = 14.5;
				LD_RUNPATH_SEARCH_PATHS = (
					"$(inherited)",
					"@executable_path/Frameworks",
					"@loader_path/Frameworks",
				);
				PRODUCT_BUNDLE_IDENTIFIER = FVG.UIKitDzTests;
				PRODUCT_NAME = "$(TARGET_NAME)";
				SWIFT_VERSION = 5.0;
				TARGETED_DEVICE_FAMILY = "1,2";
				TEST_HOST = "$(BUILT_PRODUCTS_DIR)/UIKitDz.app/UIKitDz";
			};
			name = Release;
		};
		3D1A085D2680EA4400DCDBF0 /* Debug */ = {
			isa = XCBuildConfiguration;
			buildSettings = {
				ALWAYS_EMBED_SWIFT_STANDARD_LIBRARIES = YES;
				CODE_SIGN_STYLE = Automatic;
				DEVELOPMENT_TEAM = 5B99N4Z88C;
				INFOPLIST_FILE = UIKitDzUITests/Info.plist;
				LD_RUNPATH_SEARCH_PATHS = (
					"$(inherited)",
					"@executable_path/Frameworks",
					"@loader_path/Frameworks",
				);
				PRODUCT_BUNDLE_IDENTIFIER = FVG.UIKitDzUITests;
				PRODUCT_NAME = "$(TARGET_NAME)";
				SWIFT_VERSION = 5.0;
				TARGETED_DEVICE_FAMILY = "1,2";
				TEST_TARGET_NAME = UIKitDz;
			};
			name = Debug;
		};
		3D1A085E2680EA4400DCDBF0 /* Release */ = {
			isa = XCBuildConfiguration;
			buildSettings = {
				ALWAYS_EMBED_SWIFT_STANDARD_LIBRARIES = YES;
				CODE_SIGN_STYLE = Automatic;
				DEVELOPMENT_TEAM = 5B99N4Z88C;
				INFOPLIST_FILE = UIKitDzUITests/Info.plist;
				LD_RUNPATH_SEARCH_PATHS = (
					"$(inherited)",
					"@executable_path/Frameworks",
					"@loader_path/Frameworks",
				);
				PRODUCT_BUNDLE_IDENTIFIER = FVG.UIKitDzUITests;
				PRODUCT_NAME = "$(TARGET_NAME)";
				SWIFT_VERSION = 5.0;
				TARGETED_DEVICE_FAMILY = "1,2";
				TEST_TARGET_NAME = UIKitDz;
			};
			name = Release;
		};
/* End XCBuildConfiguration section */

/* Begin XCConfigurationList section */
		3D1A08272680EA3F00DCDBF0 /* Build configuration list for PBXProject "UIKitDz" */ = {
			isa = XCConfigurationList;
			buildConfigurations = (
				3D1A08542680EA4400DCDBF0 /* Debug */,
				3D1A08552680EA4400DCDBF0 /* Release */,
			);
			defaultConfigurationIsVisible = 0;
			defaultConfigurationName = Release;
		};
		3D1A08562680EA4400DCDBF0 /* Build configuration list for PBXNativeTarget "UIKitDz" */ = {
			isa = XCConfigurationList;
			buildConfigurations = (
				3D1A08572680EA4400DCDBF0 /* Debug */,
				3D1A08582680EA4400DCDBF0 /* Release */,
			);
			defaultConfigurationIsVisible = 0;
			defaultConfigurationName = Release;
		};
		3D1A08592680EA4400DCDBF0 /* Build configuration list for PBXNativeTarget "UIKitDzTests" */ = {
			isa = XCConfigurationList;
			buildConfigurations = (
				3D1A085A2680EA4400DCDBF0 /* Debug */,
				3D1A085B2680EA4400DCDBF0 /* Release */,
			);
			defaultConfigurationIsVisible = 0;
			defaultConfigurationName = Release;
		};
		3D1A085C2680EA4400DCDBF0 /* Build configuration list for PBXNativeTarget "UIKitDzUITests" */ = {
			isa = XCConfigurationList;
			buildConfigurations = (
				3D1A085D2680EA4400DCDBF0 /* Debug */,
				3D1A085E2680EA4400DCDBF0 /* Release */,
			);
			defaultConfigurationIsVisible = 0;
			defaultConfigurationName = Release;
		};
/* End XCConfigurationList section */
	};
	rootObject = 3D1A08242680EA3F00DCDBF0 /* Project object */;
}
